<?xml version="1.0" encoding="utf-8"?>
<Project ToolsVersion="4.0" xmlns="http://schemas.microsoft.com/developer/msbuild/2003">
  <ItemGroup>
    <Filter Include="DollHouse">
      <UniqueIdentifier>{14658ACE-80CF-3E45-C90D-F0EA35B71C9A}</UniqueIdentifier>
    </Filter>
  </ItemGroup>
  <ItemGroup>
    <ClInclude Include="src\DollHouse.h" />
    <ClInclude Include="src\DollHouse\Application.h">
      <Filter>DollHouse</Filter>
    </ClInclude>
    <ClInclude Include="src\DollHouse\Core.h">
      <Filter>DollHouse</Filter>
    </ClInclude>
    <ClInclude Include="src\DollHouse\EntryPoint.h">
      <Filter>DollHouse</Filter>
    </ClInclude>
    <ClInclude Include="src\DollHouse\Log.h">
      <Filter>DollHouse</Filter>
    </ClInclude>
  </ItemGroup>
  <ItemGroup>
    <ClCompile Include="src\DollHouse\Application.cpp">
      <Filter>DollHouse</Filter>
    </ClCompile>
    <ClCompile Include="src\DollHouse\Log.cpp">
      <Filter>DollHouse</Filter>
    </ClCompile>
  </ItemGroup>
</Project>